// !$*UTF8*$!
{
	archiveVersion = 1;
	classes = {
	};
	objectVersion = 56;
	objects = {

/* Begin PBXBuildFile section */
		5B0444192B07D14500801C8B /* searching.swift in Sources */ = {isa = PBXBuildFile; fileRef = 5B0444182B07D14500801C8B /* searching.swift */; };
		5B0C2C952AFE950400235793 /* SortingTests.swift in Sources */ = {isa = PBXBuildFile; fileRef = 5B0C2C942AFE950400235793 /* SortingTests.swift */; };
		5B0C2C972AFE965D00235793 /* Sorting.swift in Sources */ = {isa = PBXBuildFile; fileRef = 5B0C2C962AFE965D00235793 /* Sorting.swift */; };
		5B0C2C982AFE971200235793 /* Sorting.swift in Sources */ = {isa = PBXBuildFile; fileRef = 5B0C2C962AFE965D00235793 /* Sorting.swift */; };
		5B94D4D12AFA482B00EAE8C6 /* main.swift in Sources */ = {isa = PBXBuildFile; fileRef = 5B94D4D02AFA482B00EAE8C6 /* main.swift */; };
/* End PBXBuildFile section */

/* Begin PBXCopyFilesBuildPhase section */
		5B94D4CB2AFA482B00EAE8C6 /* CopyFiles */ = {
			isa = PBXCopyFilesBuildPhase;
			buildActionMask = 2147483647;
			dstPath = /usr/share/man/man1/;
			dstSubfolderSpec = 0;
			files = (
			);
			runOnlyForDeploymentPostprocessing = 1;
		};
/* End PBXCopyFilesBuildPhase section */

/* Begin PBXFileReference section */
		5B0444182B07D14500801C8B /* searching.swift */ = {isa = PBXFileReference; lastKnownFileType = sourcecode.swift; path = searching.swift; sourceTree = "<group>"; };
		5B0C2C942AFE950400235793 /* SortingTests.swift */ = {isa = PBXFileReference; lastKnownFileType = sourcecode.swift; path = SortingTests.swift; sourceTree = "<group>"; };
		5B0C2C962AFE965D00235793 /* Sorting.swift */ = {isa = PBXFileReference; lastKnownFileType = sourcecode.swift; path = Sorting.swift; sourceTree = "<group>"; };
		5B94D4CD2AFA482B00EAE8C6 /* StandardAlgorithms */ = {isa = PBXFileReference; explicitFileType = "compiled.mach-o.executable"; includeInIndex = 0; path = StandardAlgorithms; sourceTree = BUILT_PRODUCTS_DIR; };
		5B94D4D02AFA482B00EAE8C6 /* main.swift */ = {isa = PBXFileReference; lastKnownFileType = sourcecode.swift; path = main.swift; sourceTree = "<group>"; };
		5B94D4DB2AFA52D000EAE8C6 /* StandardAlgorithmTests.xctest */ = {isa = PBXFileReference; explicitFileType = wrapper.cfbundle; includeInIndex = 0; path = StandardAlgorithmTests.xctest; sourceTree = BUILT_PRODUCTS_DIR; };
		5B9549862B038E0700A3069B /* StandardAlgorithms.xctestplan */ = {isa = PBXFileReference; lastKnownFileType = text; path = StandardAlgorithms.xctestplan; sourceTree = "<group>"; };
/* End PBXFileReference section */

/* Begin PBXFrameworksBuildPhase section */
		5B94D4CA2AFA482B00EAE8C6 /* Frameworks */ = {
			isa = PBXFrameworksBuildPhase;
			buildActionMask = 2147483647;
			files = (
			);
			runOnlyForDeploymentPostprocessing = 0;
		};
		5B94D4D82AFA52D000EAE8C6 /* Frameworks */ = {
			isa = PBXFrameworksBuildPhase;
			buildActionMask = 2147483647;
			files = (
			);
			runOnlyForDeploymentPostprocessing = 0;
		};
/* End PBXFrameworksBuildPhase section */

/* Begin PBXGroup section */
		5B94D4C42AFA482B00EAE8C6 = {
			isa = PBXGroup;
			children = (
				5B9549862B038E0700A3069B /* StandardAlgorithms.xctestplan */,
				5B94D4CF2AFA482B00EAE8C6 /* StandardAlgorithms */,
				5B94D4DC2AFA52D000EAE8C6 /* StandardAlgorithmTests */,
				5B94D4CE2AFA482B00EAE8C6 /* Products */,
			);
			sourceTree = "<group>";
		};
		5B94D4CE2AFA482B00EAE8C6 /* Products */ = {
			isa = PBXGroup;
			children = (
				5B94D4CD2AFA482B00EAE8C6 /* StandardAlgorithms */,
				5B94D4DB2AFA52D000EAE8C6 /* StandardAlgorithmTests.xctest */,
			);
			name = Products;
			sourceTree = "<group>";
		};
		5B94D4CF2AFA482B00EAE8C6 /* StandardAlgorithms */ = {
			isa = PBXGroup;
			children = (
				5B94D4D02AFA482B00EAE8C6 /* main.swift */,
				5B0C2C962AFE965D00235793 /* Sorting.swift */,
				5B0444182B07D14500801C8B /* searching.swift */,
			);
			path = StandardAlgorithms;
			sourceTree = "<group>";
		};
		5B94D4DC2AFA52D000EAE8C6 /* StandardAlgorithmTests */ = {
			isa = PBXGroup;
			children = (
				5B0C2C942AFE950400235793 /* SortingTests.swift */,
			);
			path = StandardAlgorithmTests;
			sourceTree = "<group>";
		};
/* End PBXGroup section */

/* Begin PBXNativeTarget section */
		5B94D4CC2AFA482B00EAE8C6 /* StandardAlgorithms */ = {
			isa = PBXNativeTarget;
			buildConfigurationList = 5B94D4D42AFA482B00EAE8C6 /* Build configuration list for PBXNativeTarget "StandardAlgorithms" */;
			buildPhases = (
				5B94D4C92AFA482B00EAE8C6 /* Sources */,
				5B94D4CA2AFA482B00EAE8C6 /* Frameworks */,
				5B94D4CB2AFA482B00EAE8C6 /* CopyFiles */,
			);
			buildRules = (
			);
			dependencies = (
			);
			name = StandardAlgorithms;
			productName = StandardAlgorithms;
			productReference = 5B94D4CD2AFA482B00EAE8C6 /* StandardAlgorithms */;
			productType = "com.apple.product-type.tool";
		};
		5B94D4DA2AFA52D000EAE8C6 /* StandardAlgorithmTests */ = {
			isa = PBXNativeTarget;
			buildConfigurationList = 5B94D4DF2AFA52D000EAE8C6 /* Build configuration list for PBXNativeTarget "StandardAlgorithmTests" */;
			buildPhases = (
				5B94D4D72AFA52D000EAE8C6 /* Sources */,
				5B94D4D82AFA52D000EAE8C6 /* Frameworks */,
				5B94D4D92AFA52D000EAE8C6 /* Resources */,
			);
			buildRules = (
			);
			dependencies = (
			);
			name = StandardAlgorithmTests;
			productName = StandardAlgorithmTests;
			productReference = 5B94D4DB2AFA52D000EAE8C6 /* StandardAlgorithmTests.xctest */;
			productType = "com.apple.product-type.bundle.unit-test";
		};
/* End PBXNativeTarget section */

/* Begin PBXProject section */
		5B94D4C52AFA482B00EAE8C6 /* Project object */ = {
			isa = PBXProject;
			attributes = {
				BuildIndependentTargetsInParallel = 1;
				LastSwiftUpdateCheck = 1500;
				LastUpgradeCheck = 1500;
				TargetAttributes = {
					5B94D4CC2AFA482B00EAE8C6 = {
						CreatedOnToolsVersion = 15.0.1;
					};
					5B94D4DA2AFA52D000EAE8C6 = {
						CreatedOnToolsVersion = 15.0.1;
					};
				};
			};
			buildConfigurationList = 5B94D4C82AFA482B00EAE8C6 /* Build configuration list for PBXProject "StandardAlgorithms" */;
			compatibilityVersion = "Xcode 14.0";
			developmentRegion = en;
			hasScannedForEncodings = 0;
			knownRegions = (
				en,
				Base,
			);
			mainGroup = 5B94D4C42AFA482B00EAE8C6;
			productRefGroup = 5B94D4CE2AFA482B00EAE8C6 /* Products */;
			projectDirPath = "";
			projectRoot = "";
			targets = (
				5B94D4CC2AFA482B00EAE8C6 /* StandardAlgorithms */,
				5B94D4DA2AFA52D000EAE8C6 /* StandardAlgorithmTests */,
			);
		};
/* End PBXProject section */

/* Begin PBXResourcesBuildPhase section */
		5B94D4D92AFA52D000EAE8C6 /* Resources */ = {
			isa = PBXResourcesBuildPhase;
			buildActionMask = 2147483647;
			files = (
			);
			runOnlyForDeploymentPostprocessing = 0;
		};
/* End PBXResourcesBuildPhase section */

/* Begin PBXSourcesBuildPhase section */
		5B94D4C92AFA482B00EAE8C6 /* Sources */ = {
			isa = PBXSourcesBuildPhase;
			buildActionMask = 2147483647;
			files = (
				5B0C2C972AFE965D00235793 /* Sorting.swift in Sources */,
				5B0444192B07D14500801C8B /* searching.swift in Sources */,
				5B94D4D12AFA482B00EAE8C6 /* main.swift in Sources */,
			);
			runOnlyForDeploymentPostprocessing = 0;
		};
		5B94D4D72AFA52D000EAE8C6 /* Sources */ = {
			isa = PBXSourcesBuildPhase;
			buildActionMask = 2147483647;
			files = (
				5B0C2C982AFE971200235793 /* Sorting.swift in Sources */,
				5B0C2C952AFE950400235793 /* SortingTests.swift in Sources */,
			);
			runOnlyForDeploymentPostprocessing = 0;
		};
/* End PBXSourcesBuildPhase section */

/* Begin XCBuildConfiguration section */
		5B94D4D22AFA482B00EAE8C6 /* Debug */ = {
			isa = XCBuildConfiguration;
			buildSettings = {
				ALWAYS_SEARCH_USER_PATHS = NO;
				ASSETCATALOG_COMPILER_GENERATE_SWIFT_ASSET_SYMBOL_EXTENSIONS = YES;
				CLANG_ANALYZER_NONNULL = YES;
				CLANG_ANALYZER_NUMBER_OBJECT_CONVERSION = YES_AGGRESSIVE;
				CLANG_CXX_LANGUAGE_STANDARD = "gnu++20";
				CLANG_ENABLE_MODULES = YES;
				CLANG_ENABLE_OBJC_ARC = YES;
				CLANG_ENABLE_OBJC_WEAK = YES;
				CLANG_WARN_BLOCK_CAPTURE_AUTORELEASING = YES;
				CLANG_WARN_BOOL_CONVERSION = YES;
				CLANG_WARN_COMMA = YES;
				CLANG_WARN_CONSTANT_CONVERSION = YES;
				CLANG_WARN_DEPRECATED_OBJC_IMPLEMENTATIONS = YES;
				CLANG_WARN_DIRECT_OBJC_ISA_USAGE = YES_ERROR;
				CLANG_WARN_DOCUMENTATION_COMMENTS = YES;
				CLANG_WARN_EMPTY_BODY = YES;
				CLANG_WARN_ENUM_CONVERSION = YES;
				CLANG_WARN_INFINITE_RECURSION = YES;
				CLANG_WARN_INT_CONVERSION = YES;
				CLANG_WARN_NON_LITERAL_NULL_CONVERSION = YES;
				CLANG_WARN_OBJC_IMPLICIT_RETAIN_SELF = YES;
				CLANG_WARN_OBJC_LITERAL_CONVERSION = YES;
				CLANG_WARN_OBJC_ROOT_CLASS = YES_ERROR;
				CLANG_WARN_QUOTED_INCLUDE_IN_FRAMEWORK_HEADER = YES;
				CLANG_WARN_RANGE_LOOP_ANALYSIS = YES;
				CLANG_WARN_STRICT_PROTOTYPES = YES;
				CLANG_WARN_SUSPICIOUS_MOVE = YES;
				CLANG_WARN_UNGUARDED_AVAILABILITY = YES_AGGRESSIVE;
				CLANG_WARN_UNREACHABLE_CODE = YES;
				CLANG_WARN__DUPLICATE_METHOD_MATCH = YES;
				COPY_PHASE_STRIP = NO;
				DEBUG_INFORMATION_FORMAT = dwarf;
				ENABLE_STRICT_OBJC_MSGSEND = YES;
				ENABLE_TESTABILITY = YES;
				ENABLE_USER_SCRIPT_SANDBOXING = YES;
				GCC_C_LANGUAGE_STANDARD = gnu17;
				GCC_DYNAMIC_NO_PIC = NO;
				GCC_NO_COMMON_BLOCKS = YES;
				GCC_OPTIMIZATION_LEVEL = 0;
				GCC_PREPROCESSOR_DEFINITIONS = (
					"DEBUG=1",
					"$(inherited)",
				);
				GCC_WARN_64_TO_32_BIT_CONVERSION = YES;
				GCC_WARN_ABOUT_RETURN_TYPE = YES_ERROR;
				GCC_WARN_UNDECLARED_SELECTOR = YES;
				GCC_WARN_UNINITIALIZED_AUTOS = YES_AGGRESSIVE;
				GCC_WARN_UNUSED_FUNCTION = YES;
				GCC_WARN_UNUSED_VARIABLE = YES;
				LOCALIZATION_PREFERS_STRING_CATALOGS = YES;
				MACOSX_DEPLOYMENT_TARGET = 13.5;
				MTL_ENABLE_DEBUG_INFO = INCLUDE_SOURCE;
				MTL_FAST_MATH = YES;
				ONLY_ACTIVE_ARCH = YES;
				SDKROOT = macosx;
				SWIFT_ACTIVE_COMPILATION_CONDITIONS = "DEBUG $(inherited)";
				SWIFT_OPTIMIZATION_LEVEL = "-Onone";
			};
			name = Debug;
		};
		5B94D4D32AFA482B00EAE8C6 /* Release */ = {
			isa = XCBuildConfiguration;
			buildSettings = {
				ALWAYS_SEARCH_USER_PATHS = NO;
				ASSETCATALOG_COMPILER_GENERATE_SWIFT_ASSET_SYMBOL_EXTENSIONS = YES;
				CLANG_ANALYZER_NONNULL = YES;
				CLANG_ANALYZER_NUMBER_OBJECT_CONVERSION = YES_AGGRESSIVE;
				CLANG_CXX_LANGUAGE_STANDARD = "gnu++20";
				CLANG_ENABLE_MODULES = YES;
				CLANG_ENABLE_OBJC_ARC = YES;
				CLANG_ENABLE_OBJC_WEAK = YES;
				CLANG_WARN_BLOCK_CAPTURE_AUTORELEASING = YES;
				CLANG_WARN_BOOL_CONVERSION = YES;
				CLANG_WARN_COMMA = YES;
				CLANG_WARN_CONSTANT_CONVERSION = YES;
				CLANG_WARN_DEPRECATED_OBJC_IMPLEMENTATIONS = YES;
				CLANG_WARN_DIRECT_OBJC_ISA_USAGE = YES_ERROR;
				CLANG_WARN_DOCUMENTATION_COMMENTS = YES;
				CLANG_WARN_EMPTY_BODY = YES;
				CLANG_WARN_ENUM_CONVERSION = YES;
				CLANG_WARN_INFINITE_RECURSION = YES;
				CLANG_WARN_INT_CONVERSION = YES;
				CLANG_WARN_NON_LITERAL_NULL_CONVERSION = YES;
				CLANG_WARN_OBJC_IMPLICIT_RETAIN_SELF = YES;
				CLANG_WARN_OBJC_LITERAL_CONVERSION = YES;
				CLANG_WARN_OBJC_ROOT_CLASS = YES_ERROR;
				CLANG_WARN_QUOTED_INCLUDE_IN_FRAMEWORK_HEADER = YES;
				CLANG_WARN_RANGE_LOOP_ANALYSIS = YES;
				CLANG_WARN_STRICT_PROTOTYPES = YES;
				CLANG_WARN_SUSPICIOUS_MOVE = YES;
				CLANG_WARN_UNGUARDED_AVAILABILITY = YES_AGGRESSIVE;
				CLANG_WARN_UNREACHABLE_CODE = YES;
				CLANG_WARN__DUPLICATE_METHOD_MATCH = YES;
				COPY_PHASE_STRIP = NO;
				DEBUG_INFORMATION_FORMAT = "dwarf-with-dsym";
				ENABLE_NS_ASSERTIONS = NO;
				ENABLE_STRICT_OBJC_MSGSEND = YES;
				ENABLE_USER_SCRIPT_SANDBOXING = YES;
				GCC_C_LANGUAGE_STANDARD = gnu17;
				GCC_NO_COMMON_BLOCKS = YES;
				GCC_WARN_64_TO_32_BIT_CONVERSION = YES;
				GCC_WARN_ABOUT_RETURN_TYPE = YES_ERROR;
				GCC_WARN_UNDECLARED_SELECTOR = YES;
				GCC_WARN_UNINITIALIZED_AUTOS = YES_AGGRESSIVE;
				GCC_WARN_UNUSED_FUNCTION = YES;
				GCC_WARN_UNUSED_VARIABLE = YES;
				LOCALIZATION_PREFERS_STRING_CATALOGS = YES;
				MACOSX_DEPLOYMENT_TARGET = 13.5;
				MTL_ENABLE_DEBUG_INFO = NO;
				MTL_FAST_MATH = YES;
				SDKROOT = macosx;
				SWIFT_COMPILATION_MODE = wholemodule;
			};
			name = Release;
		};
		5B94D4D52AFA482B00EAE8C6 /* Debug */ = {
			isa = XCBuildConfiguration;
			buildSettings = {
				CODE_SIGN_STYLE = Automatic;
				PRODUCT_NAME = "$(TARGET_NAME)";
				SWIFT_VERSION = 5.0;
			};
			name = Debug;
		};
		5B94D4D62AFA482B00EAE8C6 /* Release */ = {
			isa = XCBuildConfiguration;
			buildSettings = {
				CODE_SIGN_STYLE = Automatic;
				PRODUCT_NAME = "$(TARGET_NAME)";
				SWIFT_VERSION = 5.0;
			};
			name = Release;
		};
		5B94D4E02AFA52D000EAE8C6 /* Debug */ = {
			isa = XCBuildConfiguration;
			buildSettings = {
				CODE_SIGN_STYLE = Automatic;
				CURRENT_PROJECT_VERSION = 1;
				GENERATE_INFOPLIST_FILE = YES;
				IPHONEOS_DEPLOYMENT_TARGET = 17.0;
				MACOSX_DEPLOYMENT_TARGET = 13.5;
				MARKETING_VERSION = 1.0;
				PRODUCT_BUNDLE_IDENTIFIER = com.XCulloden.StandardAlgorithmTests;
				PRODUCT_NAME = "$(TARGET_NAME)";
				SDKROOT = auto;
				SUPPORTED_PLATFORMS = "iphoneos iphonesimulator macosx";
				SWIFT_EMIT_LOC_STRINGS = NO;
				SWIFT_VERSION = 5.0;
				TARGETED_DEVICE_FAMILY = "1,2";
			};
			name = Debug;
		};
		5B94D4E12AFA52D000EAE8C6 /* Release */ = {
			isa = XCBuildConfiguration;
			buildSettings = {
				CODE_SIGN_STYLE = Automatic;
				CURRENT_PROJECT_VERSION = 1;
				GENERATE_INFOPLIST_FILE = YES;
				IPHONEOS_DEPLOYMENT_TARGET = 17.0;
				MACOSX_DEPLOYMENT_TARGET = 13.5;
				MARKETING_VERSION = 1.0;
				PRODUCT_BUNDLE_IDENTIFIER = com.XCulloden.StandardAlgorithmTests;
				PRODUCT_NAME = "$(TARGET_NAME)";
				SDKROOT = auto;
				SUPPORTED_PLATFORMS = "iphoneos iphonesimulator macosx";
				SWIFT_EMIT_LOC_STRINGS = NO;
				SWIFT_VERSION = 5.0;
				TARGETED_DEVICE_FAMILY = "1,2";
			};
			name = Release;
		};
/* End XCBuildConfiguration section */

/* Begin XCConfigurationList section */
		5B94D4C82AFA482B00EAE8C6 /* Build configuration list for PBXProject "StandardAlgorithms" */ = {
			isa = XCConfigurationList;
			buildConfigurations = (
				5B94D4D22AFA482B00EAE8C6 /* Debug */,
				5B94D4D32AFA482B00EAE8C6 /* Release */,
			);
			defaultConfigurationIsVisible = 0;
			defaultConfigurationName = Release;
		};
		5B94D4D42AFA482B00EAE8C6 /* Build configuration list for PBXNativeTarget "StandardAlgorithms" */ = {
			isa = XCConfigurationList;
			buildConfigurations = (
				5B94D4D52AFA482B00EAE8C6 /* Debug */,
				5B94D4D62AFA482B00EAE8C6 /* Release */,
			);
			defaultConfigurationIsVisible = 0;
			defaultConfigurationName = Release;
		};
		5B94D4DF2AFA52D000EAE8C6 /* Build configuration list for PBXNativeTarget "StandardAlgorithmTests" */ = {
			isa = XCConfigurationList;
			buildConfigurations = (
				5B94D4E02AFA52D000EAE8C6 /* Debug */,
				5B94D4E12AFA52D000EAE8C6 /* Release */,
			);
			defaultConfigurationIsVisible = 0;
			defaultConfigurationName = Release;
		};
/* End XCConfigurationList section */
	};
	rootObject = 5B94D4C52AFA482B00EAE8C6 /* Project object */;
}
